# THIS IS AN AUTOGENERATED FILE. DO NOT EDIT THIS FILE DIRECTLY.
# yarn lockfile v1


fsevents@~2.3.2:
  version "2.3.2"
  resolved "https://registry.yarnpkg.com/fsevents/-/fsevents-2.3.2.tgz#8a526f78b8fdf4623b709e0b975c52c24c02fd1a"
  integrity sha512-xiqMQR4xAeHTuB9uWm+fFRcIOgKBMiOBP+eXiyT7jsgVCq1bkVygt00oASowB7EdtpOHaaPgKt812P9ab+DDKA==

rollup@^3.4.0:
  version "3.4.0"
  resolved "https://registry.yarnpkg.com/rollup/-/rollup-3.4.0.tgz#3f363d46474deb54e6da38d398c3af845c1b7d43"
  integrity sha512-4g8ZrEFK7UbDvy3JF+d5bLiC8UKkS3n/27/cnVeESwB1LVPl6MoPL32/6+SCQ1vHTp6Mvp2veIHtwELhi+uXEw==
  optionalDependencies:
    fsevents "~2.3.2"
